
Microsoft Visual Studio Solution File, Format Version 12.00
# Visual Studio Version 17
VisualStudioVersion = 17.0.31903.59
MinimumVisualStudioVersion = 10.0.40219.1
Project("{FAE04EC0-301F-11D3-BF4B-00C04F79EFBC}") = "LeetCode.Solutions", "LeetCode.Solutions\LeetCode.Solutions.csproj", "{2CD132FE-A201-485D-B1C4-6F74623E335B}"
EndProject
Project("{FAE04EC0-301F-11D3-BF4B-00C04F79EFBC}") = "LeetCode.Tests", "LeetCode.Tests\LeetCode.Tests.csproj", "{1B8C3AE9-E6AF-4E42-8C82-73C5EAA90340}"
EndProject
Global
	GlobalSection(SolutionConfigurationPlatforms) = preSolution
		Debug|Any CPU = Debug|Any CPU
		Debug|x64 = Debug|x64
		Debug|x86 = Debug|x86
		Release|Any CPU = Release|Any CPU
		Release|x64 = Release|x64
		Release|x86 = Release|x86
	EndGlobalSection
	GlobalSection(ProjectConfigurationPlatforms) = postSolution
		{2CD132FE-A201-485D-B1C4-6F74623E335B}.Debug|Any CPU.ActiveCfg = Debug|Any CPU
		{2CD132FE-A201-485D-B1C4-6F74623E335B}.Debug|Any CPU.Build.0 = Debug|Any CPU
		{2CD132FE-A201-485D-B1C4-6F74623E335B}.Debug|x64.ActiveCfg = Debug|Any CPU
		{2CD132FE-A201-485D-B1C4-6F74623E335B}.Debug|x64.Build.0 = Debug|Any CPU
		{2CD132FE-A201-485D-B1C4-6F74623E335B}.Debug|x86.ActiveCfg = Debug|Any CPU
		{2CD132FE-A201-485D-B1C4-6F74623E335B}.Debug|x86.Build.0 = Debug|Any CPU
		{2CD132FE-A201-485D-B1C4-6F74623E335B}.Release|Any CPU.ActiveCfg = Release|Any CPU
		{2CD132FE-A201-485D-B1C4-6F74623E335B}.Release|Any CPU.Build.0 = Release|Any CPU
		{2CD132FE-A201-485D-B1C4-6F74623E335B}.Release|x64.ActiveCfg = Release|Any CPU
		{2CD132FE-A201-485D-B1C4-6F74623E335B}.Release|x64.Build.0 = Release|Any CPU
		{2CD132FE-A201-485D-B1C4-6F74623E335B}.Release|x86.ActiveCfg = Release|Any CPU
		{2CD132FE-A201-485D-B1C4-6F74623E335B}.Release|x86.Build.0 = Release|Any CPU
		{1B8C3AE9-E6AF-4E42-8C82-73C5EAA90340}.Debug|Any CPU.ActiveCfg = Debug|Any CPU
		{1B8C3AE9-E6AF-4E42-8C82-73C5EAA90340}.Debug|Any CPU.Build.0 = Debug|Any CPU
		{1B8C3AE9-E6AF-4E42-8C82-73C5EAA90340}.Debug|x64.ActiveCfg = Debug|Any CPU
		{1B8C3AE9-E6AF-4E42-8C82-73C5EAA90340}.Debug|x64.Build.0 = Debug|Any CPU
		{1B8C3AE9-E6AF-4E42-8C82-73C5EAA90340}.Debug|x86.ActiveCfg = Debug|Any CPU
		{1B8C3AE9-E6AF-4E42-8C82-73C5EAA90340}.Debug|x86.Build.0 = Debug|Any CPU
		{1B8C3AE9-E6AF-4E42-8C82-73C5EAA90340}.Release|Any CPU.ActiveCfg = Release|Any CPU
		{1B8C3AE9-E6AF-4E42-8C82-73C5EAA90340}.Release|Any CPU.Build.0 = Release|Any CPU
		{1B8C3AE9-E6AF-4E42-8C82-73C5EAA90340}.Release|x64.ActiveCfg = Release|Any CPU
		{1B8C3AE9-E6AF-4E42-8C82-73C5EAA90340}.Release|x64.Build.0 = Release|Any CPU
		{1B8C3AE9-E6AF-4E42-8C82-73C5EAA90340}.Release|x86.ActiveCfg = Release|Any CPU
		{1B8C3AE9-E6AF-4E42-8C82-73C5EAA90340}.Release|x86.Build.0 = Release|Any CPU
	EndGlobalSection
	GlobalSection(SolutionProperties) = preSolution
		HideSolutionNode = FALSE
	EndGlobalSection
EndGlobal
